
Microsoft Visual Studio Solution File, Format Version 12.00
Project("{FAE04EC0-301F-11D3-BF4B-00C04F79EFBC}") = "RadioactivityMonitor", "RadioactivityMonitor\RadioactivityMonitor.csproj", "{9C5F88CF-22F3-4F92-83B5-A0CB47C37702}"
EndProject
Project("{FAE04EC0-301F-11D3-BF4B-00C04F79EFBC}") = "RadioactivityMonitorTests", "RadioactivityMonitorTests\RadioactivityMonitorTests.csproj", "{D1B7BDC9-17B7-4A52-8E7C-0688B4AF9EA4}"
EndProject
Project("{FAE04EC0-301F-11D3-BF4B-00C04F79EFBC}") = "RadioactivityMonitorApp", "RadioactivityMonitorApp\RadioactivityMonitorApp.csproj", "{DC08B2DA-3E35-4A12-A91A-DCD181B06FAF}"
EndProject
Global
	GlobalSection(SolutionConfigurationPlatforms) = preSolution
		Debug|Any CPU = Debug|Any CPU
		Release|Any CPU = Release|Any CPU
	EndGlobalSection
	GlobalSection(ProjectConfigurationPlatforms) = postSolution
		{9C5F88CF-22F3-4F92-83B5-A0CB47C37702}.Debug|Any CPU.ActiveCfg = Debug|Any CPU
		{9C5F88CF-22F3-4F92-83B5-A0CB47C37702}.Debug|Any CPU.Build.0 = Debug|Any CPU
		{9C5F88CF-22F3-4F92-83B5-A0CB47C37702}.Release|Any CPU.ActiveCfg = Release|Any CPU
		{9C5F88CF-22F3-4F92-83B5-A0CB47C37702}.Release|Any CPU.Build.0 = Release|Any CPU
		{D1B7BDC9-17B7-4A52-8E7C-0688B4AF9EA4}.Debug|Any CPU.ActiveCfg = Debug|Any CPU
		{D1B7BDC9-17B7-4A52-8E7C-0688B4AF9EA4}.Debug|Any CPU.Build.0 = Debug|Any CPU
		{D1B7BDC9-17B7-4A52-8E7C-0688B4AF9EA4}.Release|Any CPU.ActiveCfg = Release|Any CPU
		{D1B7BDC9-17B7-4A52-8E7C-0688B4AF9EA4}.Release|Any CPU.Build.0 = Release|Any CPU
		{DC08B2DA-3E35-4A12-A91A-DCD181B06FAF}.Debug|Any CPU.ActiveCfg = Debug|Any CPU
		{DC08B2DA-3E35-4A12-A91A-DCD181B06FAF}.Debug|Any CPU.Build.0 = Debug|Any CPU
		{DC08B2DA-3E35-4A12-A91A-DCD181B06FAF}.Release|Any CPU.ActiveCfg = Release|Any CPU
		{DC08B2DA-3E35-4A12-A91A-DCD181B06FAF}.Release|Any CPU.Build.0 = Release|Any CPU
	EndGlobalSection
	GlobalSection(NestedProjects) = preSolution
	EndGlobalSection
EndGlobal
